version = 1
revision = 3
requires-python = ">=3.11"

[[package]]
name = "colorama"
version = "0.4.6"
source = { registry = "https://pypi.org/simple" }
sdist = { url = "https://files.pythonhosted.org/packages/d8/53/6f443c9a4a8358a93a6792e2acffb9d9d5cb0a5cfd8802644b7b1c9a02e4/colorama-0.4.6.tar.gz", hash = "sha256:08695f5cb7ed6e0531a20572697297273c47b8cae5a63ffc6d6ed5c201be6e44", size = 27697, upload-time = "2022-10-25T02:36:22.414Z" }
wheels = [
    { url = "https://files.pythonhosted.org/packages/d1/d6/3965ed04c63042e047cb6a3e6ed1a63a35087b6a609aa3a15ed8ac56c221/colorama-0.4.6-py2.py3-none-any.whl", hash = "sha256:4f1d9991f5acc0ca119f9d443620b77f9d6b33703e51011c16baf57afb285fc6", size = 25335, upload-time = "2022-10-25T02:36:20.889Z" },
]

[[package]]
name = "iniconfig"
version = "2.3.0"
source = { registry = "https://pypi.org/simple" }
sdist = { url = "https://files.pythonhosted.org/packages/72/34/14ca021ce8e5dfedc35312d08ba8bf51fdd999c576889fc2c24cb97f4f10/iniconfig-2.3.0.tar.gz", hash = "sha256:c76315c77db068650d49c5b56314774a7804df16fee4402c1f19d6d15d8c4730", size = 20503, upload-time = "2025-10-18T21:55:43.219Z" }
wheels = [
    { url = "https://files.pythonhosted.org/packages/cb/b1/3846dd7f199d53cb17f49cba7e651e9ce294d8497c8c150530ed11865bb8/iniconfig-2.3.0-py3-none-any.whl", hash = "sha256:f631c04d2c48c52b84d0d0549c99ff3859c98df65b3101406327ecc7d53fbf12", size = 7484, upload-time = "2025-10-18T21:55:41.639Z" },
]

[[package]]
name = "packaging"
version = "26.2"
source = { registry = "https://pypi.org/simple" }
sdist = { url = "https://files.pythonhosted.org/packages/d7/f1/e7a6dd94a8d4a5626c03e4e99c87f241ba9e350cd9e6d75123f992427270/packaging-26.2.tar.gz", hash = "sha256:ff452ff5a3e828ce110190feff1178bb1f2ea2281fa2075aadb987c2fb221661", size = 228134, upload-time = "2026-04-24T20:15:23.917Z" }
wheels = [
    { url = "https://files.pythonhosted.org/packages/df/b2/87e62e8c3e2f4b32e5fe99e0b86d576da1312593b39f47d8ceef365e95ed/packaging-26.2-py3-none-any.whl", hash = "sha256:5fc45236b9446107ff2415ce77c807cee2862cb6fac22b8a73826d0693b0980e", size = 100195, upload-time = "2026-04-24T20:15:22.081Z" },
]

[[package]]
name = "pglast"
version = "7.14"
source = { registry = "https://pypi.org/simple" }
sdist = { url = "https://files.pythonhosted.org/packages/55/12/b1d3f1f697d05203f0c3ed10c1713d9f04521199f6862b18fe2092089b13/pglast-7.14.tar.gz", hash = "sha256:7f89fa8238561f42db78773e3c877540fef62ce64dcfc8b0e2a65758202abf00", size = 3405835, upload-time = "2026-05-30T07:07:34.561Z" }
wheels = [
    { url = "https://files.pythonhosted.org/packages/cd/ce/cbc6d965bb6c2dfd1e2451b8a7fe1dea7a5efb0c64516fb6a3edde5bcc3a/pglast-7.14-cp311-cp311-macosx_10_9_x86_64.whl", hash = "sha256:4ff761d2a70c3cd5311c10752bcd082d84c4a3320c42870cda36664a4a4a43f2", size = 1436014, upload-time = "2026-05-30T07:28:59.569Z" },
    { url = "https://files.pythonhosted.org/packages/3a/ef/0093759b88c43bb3cd0cdea9f1d1d356f8ae4ab90e794a63679e9c62e204/pglast-7.14-cp311-cp311-macosx_11_0_arm64.whl", hash = "sha256:9a6b17faf21d5305ed7d949e4ee41fc2defcb439a52b0c1f2df3f1d55156980d", size = 1354630, upload-time = "2026-05-30T07:29:00.878Z" },
    { url = "https://files.pythonhosted.org/packages/b1/59/ab07ec5ed3ca8c76ed6b6582e3881ab53c5a64a61cb71d230d9cd1fde538/pglast-7.14-cp311-cp311-manylinux2014_aarch64.manylinux_2_17_aarch64.manylinux_2_28_aarch64.whl", hash = "sha256:1689d17122cfb9506aa890f2b1b8076ba6f4c06d61b31ca732e8dc9373807a0f", size = 5859222, upload-time = "2026-05-30T07:29:02.23Z" },
    { url = "https://files.pythonhosted.org/packages/f1/09/ffc17220d12b5fa68a42703db7ecdcdd343562af9d7f8f7478668c64ce4e/pglast-7.14-cp311-cp311-manylinux2014_x86_64.manylinux_2_17_x86_64.manylinux_2_28_x86_64.whl", hash = "sha256:a9876ecc3d454b81a1e273c649ad1676a0aa5178696c50b28425f913ce288e2d", size = 5928815, upload-time = "2026-05-30T07:29:03.925Z" },
    { url = "https://files.pythonhosted.org/packages/fa/14/0b91f493c0917cef7369f10dcda5f8217a7b012983f9da20cf075eaca12d/pglast-7.14-cp311-cp311-musllinux_1_2_aarch64.whl", hash = "sha256:462e6e8830808fb1fde3f9a741d2dfcb3c350160c43bf3a4fea309b9200977ba", size = 5705342, upload-time = "2026-05-30T07:29:05.38Z" },
    { url = "https://files.pythonhosted.org/packages/a9/e0/7173056faef46a059abfbcf795b3fa41c362e3a6f5c52e4e2ef7a36bfdfc/pglast-7.14-cp311-cp311-musllinux_1_2_x86_64.whl", hash = "sha256:79c0dbcc0b04d0695a8b7d9acd497716edcbf1b714dfe710a31c8f914ad4f45e", size = 5771078, upload-time = "2026-05-30T07:29:07.245Z" },
    { url = "https://files.pythonhosted.org/packages/6c/75/9e6f64104ced6f96ee967f3a3681999ab5c4ef5023e41f5f8fbe3745f5e9/pglast-7.14-cp311-cp311-win32.whl", hash = "sha256:b85a20ea3a0e1402ab321efb110e1cc50e4d389407cab713b2c578e54d9ab0f0", size = 1286863, upload-time = "2026-05-30T07:29:08.771Z" },
    { url = "https://files.pythonhosted.org/packages/5f/20/aebfd4337ffdca0ade8f13c01ddf9129f78b2390f5a24859e58289a87f5a/pglast-7.14-cp311-cp311-win_amd64.whl", hash = "sha256:77203f3231ef6a490dfd1b93619da99598ff58d5e7d803f968f5386b0725949d", size = 1363650, upload-time = "2026-05-30T07:29:09.918Z" },
    { url = "https://files.pythonhosted.org/packages/cc/98/61f565055fce9f717e93b6ad893795761abf8ccb2f496c443ca861b406a2/pglast-7.14-cp312-cp312-macosx_10_13_x86_64.whl", hash = "sha256:07dcdb36d9286b50112112ead0015930be745ae94da5371ef886ad1fc314a677", size = 1429670, upload-time = "2026-05-30T07:29:11.357Z" },
    { url = "https://files.pythonhosted.org/packages/b3/22/0b34cd5b996fb0b6ca61d065163dcea4353f582b631e9a2ff8aecab0546a/pglast-7.14-cp312-cp312-macosx_11_0_arm64.whl", hash = "sha256:48978cff8d03d473fd9059168f44482ae5cda8b577a4ee42db31f59dcbd273cf", size = 1356761, upload-time = "2026-05-30T07:29:12.843Z" },
    { url = "https://files.pythonhosted.org/packages/e8/ab/2d3133e701cab75b696c387021d1f51fee37972003e86345c51b57721c28/pglast-7.14-cp312-cp312-manylinux2014_aarch64.manylinux_2_17_aarch64.manylinux_2_28_aarch64.whl", hash = "sha256:0d6d10c39664b8587753314462d082cab8aa1f6adacbb31d620b029cbbacdccd", size = 5831311, upload-time = "2026-05-30T07:29:14.416Z" },
    { url = "https://files.pythonhosted.org/packages/2e/eb/ae21bcd840460c2a1e8534db1c6e20899fd82a9563f36697d3449d789782/pglast-7.14-cp312-cp312-manylinux2014_x86_64.manylinux_2_17_x86_64.manylinux_2_28_x86_64.whl", hash = "sha256:5f7e2fdfa65e795cbf1e03c9292ad79f5a6a016d5144b67311acbb81c019d8c4", size = 5933778, upload-time = "2026-05-30T07:29:16.402Z" },
    { url = "https://files.pythonhosted.org/packages/f2/61/ee7ddf6055404698c2813d4926aac2a93cb6b2ec63994f51294c7799d5e7/pglast-7.14-cp312-cp312-musllinux_1_2_aarch64.whl", hash = "sha256:988b283d3f92630655f41bcf36c609890c613dd40c698b94112daa8c705fff2f", size = 5643088, upload-time = "2026-05-30T07:29:18.023Z" },
    { url = "https://files.pythonhosted.org/packages/0a/81/7b9db511160989130ba3dc6101a4e9870c57118c1df4999122ccf38ea33e/pglast-7.14-cp312-cp312-musllinux_1_2_x86_64.whl", hash = "sha256:a8677a3d9e7979cbd26809d27715b910239781d189cf848a546b875dc06304f9", size = 5724296, upload-time = "2026-05-30T07:29:19.459Z" },
    { url = "https://files.pythonhosted.org/packages/88/81/64eb99fee3b925a3a1790cfc82ce8834bce67a58660f4959768234bd9a28/pglast-7.14-cp312-cp312-win32.whl", hash = "sha256:3b78089164239df011413f6fd3be906a7ecf8b19bc18dc53e5dff5087c3feafd", size = 1274301, upload-time = "2026-05-30T07:29:20.846Z" },
    { url = "https://files.pythonhosted.org/packages/d8/f4/a3d46c84f05ebdf40f8724fb74d1db592e1f3ad3f6689653aa5ee0f6accb/pglast-7.14-cp312-cp312-win_amd64.whl", hash = "sha256:f4933b1247729949b7758ee5355ede13c4029a2c6638e0bcdc677ff4fc4b9a04", size = 1340369, upload-time = "2026-05-30T07:29:22.188Z" },
    { url = "https://files.pythonhosted.org/packages/01/ed/ae8e85cf5c9f2b16b9af37483b26bd5174633f0d37c7fda1b43f5324dd88/pglast-7.14-cp313-cp313-macosx_10_13_x86_64.whl", hash = "sha256:f6a0c00b37603e6975ba1fd2f0f69e870a9117ac42f0fbb12f1801adf9c86c69", size = 1429288, upload-time = "2026-05-30T07:29:23.299Z" },
    { url = "https://files.pythonhosted.org/packages/0e/2d/1ba1f1586a29dcde803449e8ce491ac79163d168498ce3bedb5fdba25a16/pglast-7.14-cp313-cp313-macosx_11_0_arm64.whl", hash = "sha256:371dcc53f875be1b0af38a3275223b64cfc1de837f6b9174691ee2461e0fb44f", size = 1356203, upload-time = "2026-05-30T07:29:24.485Z" },
    { url = "https://files.pythonhosted.org/packages/b0/34/56176a35997cb60ad95431338f535d07bbb656386ea1655e9c89ef10bbb0/pglast-7.14-cp313-cp313-manylinux2014_aarch64.manylinux_2_17_aarch64.manylinux_2_28_aarch64.whl", hash = "sha256:c127a2f86937e9fd4098304c025c522e9edeafb4d1527cdf24a0246c698f9381", size = 5872604, upload-time = "2026-05-30T07:29:25.945Z" },
    { url = "https://files.pythonhosted.org/packages/3d/c8/33e69194150e3958994de0ac30a7bf2d6a24747e2d8916e3fe1fd0389cc5/pglast-7.14-cp313-cp313-manylinux2014_x86_64.manylinux_2_17_x86_64.manylinux_2_28_x86_64.whl", hash = "sha256:cfd901527f118d1014d25342d4bc235cccff756f022907d3cca6e215430a9575", size = 5969493, upload-time = "2026-05-30T07:29:27.816Z" },
    { url = "https://files.pythonhosted.org/packages/7b/23/96319476ce583769151bdb6ba2e106eb4fde1d95a9a95f5986a31b3ff5c6/pglast-7.14-cp313-cp313-musllinux_1_2_aarch64.whl", hash = "sha256:528ed75a9a8b267021dcac952383aa73c6f44ff7a678586f02168908e8e67b8b", size = 5689545, upload-time = "2026-05-30T07:29:29.433Z" },
    { url = "https://files.pythonhosted.org/packages/f8/20/bde3797299133f61e01631d140a2bc18bcc4bc74239504ebd2ea6b833ab4/pglast-7.14-cp313-cp313-musllinux_1_2_x86_64.whl", hash = "sha256:c1b8df18829a1d818b8ee7e5d67642e02f9481ea15af0789eae2814528a09ef3", size = 5774731, upload-time = "2026-05-30T07:29:30.896Z" },
    { url = "https://files.pythonhosted.org/packages/bc/05/97d140f4e76680dffb7d45fce74d1bd225d499b23555aa62eacf2a511649/pglast-7.14-cp313-cp313-win32.whl", hash = "sha256:2865e568a4e7332cf64c9e5f83773f09c6d41a4b9e3d25426f612b3d04a4483d", size = 1274222, upload-time = "2026-05-30T07:29:32.257Z" },
    { url = "https://files.pythonhosted.org/packages/84/e4/72e5200bda9bfe53cb8f249b54de38bacce0b0ccb67759363a525a88aab0/pglast-7.14-cp313-cp313-win_amd64.whl", hash = "sha256:1bc24e8ea460f1935a9b275e4212d67a6a762bacb145c957a4266d1911577b72", size = 1343817, upload-time = "2026-05-30T07:29:33.291Z" },
    { url = "https://files.pythonhosted.org/packages/05/7e/003274654bc42da0af9a14d6a5aa07a16cab3d0620013cf75fc11edf1b52/pglast-7.14-cp314-cp314-macosx_10_15_x86_64.whl", hash = "sha256:a7a1576454d0e99cee4a67bb477634b7cb8ab37bc6a8cfe90bb0eb38f169314f", size = 1429104, upload-time = "2026-05-30T07:29:34.662Z" },
    { url = "https://files.pythonhosted.org/packages/51/66/1a447886f2a45a37f6a5d246e9d3400528b21aa61d53e347b003b29da1a1/pglast-7.14-cp314-cp314-macosx_11_0_arm64.whl", hash = "sha256:aef009a01612445079eee28203ea3837dfcd7dea8e3d6edbe04d51708a195215", size = 1357553, upload-time = "2026-05-30T07:29:35.836Z" },
    { url = "https://files.pythonhosted.org/packages/7f/8e/2d439b7b4d30c1572e1a2ad771828b52eefb47a8e744c6221d1e683afbae/pglast-7.14-cp314-cp314-manylinux2014_aarch64.manylinux_2_17_aarch64.manylinux_2_28_aarch64.whl", hash = "sha256:a14c32f963a54f5730f18620726d5f9ae8a61550be858047dafe12cdd4dfdf34", size = 5858299, upload-time = "2026-05-30T07:29:37.253Z" },
    { url = "https://files.pythonhosted.org/packages/55/ba/89c54eda4fc514fc8a1bf33c593a7a2f4d26d812be5f19a0d2837a3a4432/pglast-7.14-cp314-cp314-manylinux2014_x86_64.manylinux_2_17_x86_64.manylinux_2_28_x86_64.whl", hash = "sha256:79ad023c4ae825f9529e7cb71db3490c72f509d1db24d07340bd396758e790c4", size = 5940702, upload-time = "2026-05-30T07:29:38.861Z" },
    { url = "https://files.pythonhosted.org/packages/d8/74/0c76a1a294cd1f815db9e55f1c63d0e8cba5e48a6498da41868b39677b8d/pglast-7.14-cp314-cp314-musllinux_1_2_aarch64.whl", hash = "sha256:8f0baf4b4bdff52218bef15bc2c2498a4331648c649fc1fb99559eeba7a17239", size = 5685645, upload-time = "2026-05-30T07:29:40.472Z" },
    { url = "https://files.pythonhosted.org/packages/c9/aa/ac993bcc8445092c60b3b7b7f6e2009b03bfc8fdf1304cfafdea70b9dc93/pglast-7.14-cp314-cp314-musllinux_1_2_x86_64.whl", hash = "sha256:b4fbc37a32b1ff9ccbf3908904ef56c2b06dcc7d62eb3aeef45ccd4a98abc153", size = 5754834, upload-time = "2026-05-30T07:29:42.047Z" },
    { url = "https://files.pythonhosted.org/packages/d3/f7/4136e2374b86b6841346359b81fdd658f8a7e2b302e5227d1a0885028282/pglast-7.14-cp314-cp314-win32.whl", hash = "sha256:e9dc56b44c20242a557f541445ac835ff5399d20531ff268b47320a2b5105de9", size = 1283230, upload-time = "2026-05-30T07:29:43.473Z" },
    { url = "https://files.pythonhosted.org/packages/07/e3/1f95d81da979db7efa5f77ef3796c94063e36581602aa601e953ac52ae6f/pglast-7.14-cp314-cp314-win_amd64.whl", hash = "sha256:db5033c957796f464ea7023595952e60b7c59a6252a28443532aad2872d0f04d", size = 1366008, upload-time = "2026-05-30T07:29:44.616Z" },
    { url = "https://files.pythonhosted.org/packages/74/89/60d0c7b46fc5d7b457ac50ee00a8ed9a823bdc5d2e22e3728fc7f192c43d/pglast-7.14-cp314-cp314t-macosx_10_15_x86_64.whl", hash = "sha256:1941adbe2429ffeb10a587e965edbc303296f3c3d4ba103ff4c91a734c0daf0a", size = 1491395, upload-time = "2026-05-30T07:29:45.823Z" },
    { url = "https://files.pythonhosted.org/packages/d5/58/2c6d1cc29911b876a6b52f56ae72e3d1219b80b0468e91e0c1fbd724a30d/pglast-7.14-cp314-cp314t-macosx_11_0_arm64.whl", hash = "sha256:d9f7c4d4facdaa59ae36c47975f2685a6b199b30e32a3c4be5b41a493d0727a9", size = 1399137, upload-time = "2026-05-30T07:29:47.106Z" },
    { url = "https://files.pythonhosted.org/packages/ca/fe/acd3295d086cbab7b4ae13f409d65f5b0f1c8bef51668549179b105fcb08/pglast-7.14-cp314-cp314t-manylinux2014_aarch64.manylinux_2_17_aarch64.manylinux_2_28_aarch64.whl", hash = "sha256:460c78b5d1923565ef2d9d177f7b28484e1a9d68584b108f686cfc5af1009cb0", size = 6285382, upload-time = "2026-05-30T07:29:48.702Z" },
    { url = "https://files.pythonhosted.org/packages/29/f4/7e034087c6a99a0403765bc07c2f2db63de5598c9b34fcbcf3b676c3aa63/pglast-7.14-cp314-cp314t-manylinux2014_x86_64.manylinux_2_17_x86_64.manylinux_2_28_x86_64.whl", hash = "sha256:af41321003adc76bca9e8475b84f742be3c0d649dbfc56e48f3dfc69ce0e6412", size = 6299113, upload-time = "2026-05-30T07:29:50.105Z" },
    { url = "https://files.pythonhosted.org/packages/62/59/3d962be3cb3ae18835f07f80d9c74eb781dd1afebff0b07f1ff333c97457/pglast-7.14-cp314-cp314t-musllinux_1_2_aarch64.whl", hash = "sha256:4a9582c4a2729481adfceb573f0e60c4bc25bc382cf60066eee69fdae399600d", size = 6031850, upload-time = "2026-05-30T07:29:51.794Z" },
    { url = "https://files.pythonhosted.org/packages/5b/f0/5f9023b627534d009248a13541ae8807d7125bd92402b72c661819dbf65e/pglast-7.14-cp314-cp314t-musllinux_1_2_x86_64.whl", hash = "sha256:6d72748a4bd22cf579c2e742911f8bdfeec6959a275a8247fc00112789d5a284", size = 6072582, upload-time = "2026-05-30T07:29:53.444Z" },
    { url = "https://files.pythonhosted.org/packages/92/d9/f2822426b35b613ff69df8e5f2278b2cec4252c345148fa1af584498a54e/pglast-7.14-cp314-cp314t-win32.whl", hash = "sha256:4a9ccc0b561bcd86a748af53b2f0a10ddb87209b84a4484f7d93ccfb9b4037f1", size = 1355228, upload-time = "2026-05-30T07:29:54.997Z" },
    { url = "https://files.pythonhosted.org/packages/1a/79/fdcccb7e7cf6f91142df08a85ef16de25cf7d0952650125367d4b3b7d227/pglast-7.14-cp314-cp314t-win_amd64.whl", hash = "sha256:3f18280e84742ae7d444093e6e5a88c1096da0b067c3ed9dfb99631cdb02f440", size = 1445931, upload-time = "2026-05-30T07:29:56.308Z" },
]

[[package]]
name = "pluggy"
version = "1.6.0"
source = { registry = "https://pypi.org/simple" }
sdist = { url = "https://files.pythonhosted.org/packages/f9/e2/3e91f31a7d2b083fe6ef3fa267035b518369d9511ffab804f839851d2779/pluggy-1.6.0.tar.gz", hash = "sha256:7dcc130b76258d33b90f61b658791dede3486c3e6bfb003ee5c9bfb396dd22f3", size = 69412, upload-time = "2025-05-15T12:30:07.975Z" }
wheels = [
    { url = "https://files.pythonhosted.org/packages/54/20/4d324d65cc6d9205fabedc306948156824eb9f0ee1633355a8f7ec5c66bf/pluggy-1.6.0-py3-none-any.whl", hash = "sha256:e920276dd6813095e9377c0bc5566d94c932c33b27a3e3945d8389c374dd4746", size = 20538, upload-time = "2025-05-15T12:30:06.134Z" },
]

[[package]]
name = "pygments"
version = "2.20.0"
source = { registry = "https://pypi.org/simple" }
sdist = { url = "https://files.pythonhosted.org/packages/c3/b2/bc9c9196916376152d655522fdcebac55e66de6603a76a02bca1b6414f6c/pygments-2.20.0.tar.gz", hash = "sha256:6757cd03768053ff99f3039c1a36d6c0aa0b263438fcab17520b30a303a82b5f", size = 4955991, upload-time = "2026-03-29T13:29:33.898Z" }
wheels = [
    { url = "https://files.pythonhosted.org/packages/f4/7e/a72dd26f3b0f4f2bf1dd8923c85f7ceb43172af56d63c7383eb62b332364/pygments-2.20.0-py3-none-any.whl", hash = "sha256:81a9e26dd42fd28a23a2d169d86d7ac03b46e2f8b59ed4698fb4785f946d0176", size = 1231151, upload-time = "2026-03-29T13:29:30.038Z" },
]

[[package]]
name = "pytest"
version = "9.0.3"
source = { registry = "https://pypi.org/simple" }
dependencies = [
    { name = "colorama", marker = "sys_platform == 'win32'" },
    { name = "iniconfig" },
    { name = "packaging" },
    { name = "pluggy" },
    { name = "pygments" },
]
sdist = { url = "https://files.pythonhosted.org/packages/7d/0d/549bd94f1a0a402dc8cf64563a117c0f3765662e2e668477624baeec44d5/pytest-9.0.3.tar.gz", hash = "sha256:b86ada508af81d19edeb213c681b1d48246c1a91d304c6c81a427674c17eb91c", size = 1572165, upload-time = "2026-04-07T17:16:18.027Z" }
wheels = [
    { url = "https://files.pythonhosted.org/packages/d4/24/a372aaf5c9b7208e7112038812994107bc65a84cd00e0354a88c2c77a617/pytest-9.0.3-py3-none-any.whl", hash = "sha256:2c5efc453d45394fdd706ade797c0a81091eccd1d6e4bccfcd476e2b8e0ab5d9", size = 375249, upload-time = "2026-04-07T17:16:16.13Z" },
]

[[package]]
name = "saferead"
version = "0.1.0"
source = { editable = "." }
dependencies = [
    { name = "pglast" },
]

[package.dev-dependencies]
dev = [
    { name = "pytest" },
]

[package.metadata]
requires-dist = [{ name = "pglast", specifier = "==7.14" }]

[package.metadata.requires-dev]
dev = [{ name = "pytest", specifier = ">=9,<10" }]
